
Microsoft Visual Studio Solution File, Format Version 12.00
# Visual Studio Version 16
VisualStudioVersion = 16.0.32407.337
MinimumVisualStudioVersion = 10.0.40219.1
Project("{FAE04EC0-301F-11D3-BF4B-00C04F79EFBC}") = "teamcity2", "teamcity2\teamcity2.csproj", "{DD61CB87-7B16-4710-AB6E-5ACF769A3152}"
EndProject
Global
	GlobalSection(SolutionConfigurationPlatforms) = preSolution
		Debug|Any CPU = Debug|Any CPU
		Release|Any CPU = Release|Any CPU
	EndGlobalSection
	GlobalSection(ProjectConfigurationPlatforms) = postSolution
		{DD61CB87-7B16-4710-AB6E-5ACF769A3152}.Debug|Any CPU.ActiveCfg = Debug|Any CPU
		{DD61CB87-7B16-4710-AB6E-5ACF769A3152}.Debug|Any CPU.Build.0 = Debug|Any CPU
		{DD61CB87-7B16-4710-AB6E-5ACF769A3152}.Release|Any CPU.ActiveCfg = Release|Any CPU
		{DD61CB87-7B16-4710-AB6E-5ACF769A3152}.Release|Any CPU.Build.0 = Release|Any CPU
	EndGlobalSection
	GlobalSection(SolutionProperties) = preSolution
		HideSolutionNode = FALSE
	EndGlobalSection
	GlobalSection(ExtensibilityGlobals) = postSolution
		SolutionGuid = {39080C3B-8C39-494C-9768-2C7A510726C0}
	EndGlobalSection
EndGlobal
